// !$*UTF8*$!
{
	archiveVersion = 1;
	classes = {
	};
	objectVersion = 55;
	objects = {

/* Begin PBXBuildFile section */
		054BE86A28BF459A0027EC16 /* CountryDetailedViewController.swift in Sources */ = {isa = PBXBuildFile; fileRef = 054BE86928BF459A0027EC16 /* CountryDetailedViewController.swift */; };
		054BE86D28BF463E0027EC16 /* SDWebImage in Frameworks */ = {isa = PBXBuildFile; productRef = 054BE86C28BF463E0027EC16 /* SDWebImage */; };
		68C745A528B3B4B600C05DE6 /* AppDelegate.swift in Sources */ = {isa = PBXBuildFile; fileRef = 68C745A428B3B4B600C05DE6 /* AppDelegate.swift */; };
		68C745A728B3B4B600C05DE6 /* SceneDelegate.swift in Sources */ = {isa = PBXBuildFile; fileRef = 68C745A628B3B4B600C05DE6 /* SceneDelegate.swift */; };
		68C745AE28B3B4B600C05DE6 /* Assets.xcassets in Resources */ = {isa = PBXBuildFile; fileRef = 68C745AD28B3B4B600C05DE6 /* Assets.xcassets */; };
		68C745B128B3B4B600C05DE6 /* LaunchScreen.storyboard in Resources */ = {isa = PBXBuildFile; fileRef = 68C745AF28B3B4B600C05DE6 /* LaunchScreen.storyboard */; };
		68C745BB28B3B4ED00C05DE6 /* CountryTableViewController.swift in Sources */ = {isa = PBXBuildFile; fileRef = 68C745BA28B3B4ED00C05DE6 /* CountryTableViewController.swift */; };
		68C745BF28B3B65B00C05DE6 /* Country.swift in Sources */ = {isa = PBXBuildFile; fileRef = 68C745BE28B3B65B00C05DE6 /* Country.swift */; };
		68C745C128B3B99000C05DE6 /* NetworkManager.swift in Sources */ = {isa = PBXBuildFile; fileRef = 68C745C028B3B99000C05DE6 /* NetworkManager.swift */; };
/* End PBXBuildFile section */

/* Begin PBXFileReference section */
		054BE86928BF459A0027EC16 /* CountryDetailedViewController.swift */ = {isa = PBXFileReference; lastKnownFileType = sourcecode.swift; path = CountryDetailedViewController.swift; sourceTree = "<group>"; };
		68C745A128B3B4B600C05DE6 /* RestCountriesList.app */ = {isa = PBXFileReference; explicitFileType = wrapper.application; includeInIndex = 0; path = RestCountriesList.app; sourceTree = BUILT_PRODUCTS_DIR; };
		68C745A428B3B4B600C05DE6 /* AppDelegate.swift */ = {isa = PBXFileReference; lastKnownFileType = sourcecode.swift; path = AppDelegate.swift; sourceTree = "<group>"; };
		68C745A628B3B4B600C05DE6 /* SceneDelegate.swift */ = {isa = PBXFileReference; lastKnownFileType = sourcecode.swift; path = SceneDelegate.swift; sourceTree = "<group>"; };
		68C745AD28B3B4B600C05DE6 /* Assets.xcassets */ = {isa = PBXFileReference; lastKnownFileType = folder.assetcatalog; path = Assets.xcassets; sourceTree = "<group>"; };
		68C745B028B3B4B600C05DE6 /* Base */ = {isa = PBXFileReference; lastKnownFileType = file.storyboard; name = Base; path = Base.lproj/LaunchScreen.storyboard; sourceTree = "<group>"; };
		68C745B228B3B4B600C05DE6 /* Info.plist */ = {isa = PBXFileReference; lastKnownFileType = text.plist.xml; path = Info.plist; sourceTree = "<group>"; };
		68C745BA28B3B4ED00C05DE6 /* CountryTableViewController.swift */ = {isa = PBXFileReference; lastKnownFileType = sourcecode.swift; path = CountryTableViewController.swift; sourceTree = "<group>"; };
		68C745BE28B3B65B00C05DE6 /* Country.swift */ = {isa = PBXFileReference; lastKnownFileType = sourcecode.swift; path = Country.swift; sourceTree = "<group>"; };
		68C745C028B3B99000C05DE6 /* NetworkManager.swift */ = {isa = PBXFileReference; lastKnownFileType = sourcecode.swift; path = NetworkManager.swift; sourceTree = "<group>"; };
/* End PBXFileReference section */

/* Begin PBXFrameworksBuildPhase section */
		68C7459E28B3B4B600C05DE6 /* Frameworks */ = {
			isa = PBXFrameworksBuildPhase;
			buildActionMask = 2147483647;
			files = (
				054BE86D28BF463E0027EC16 /* SDWebImage in Frameworks */,
			);
			runOnlyForDeploymentPostprocessing = 0;
		};
/* End PBXFrameworksBuildPhase section */

/* Begin PBXGroup section */
		68C7459828B3B4B500C05DE6 = {
			isa = PBXGroup;
			children = (
				68C745A328B3B4B600C05DE6 /* RestCountriesList */,
				68C745A228B3B4B600C05DE6 /* Products */,
			);
			sourceTree = "<group>";
		};
		68C745A228B3B4B600C05DE6 /* Products */ = {
			isa = PBXGroup;
			children = (
				68C745A128B3B4B600C05DE6 /* RestCountriesList.app */,
			);
			name = Products;
			sourceTree = "<group>";
		};
		68C745A328B3B4B600C05DE6 /* RestCountriesList */ = {
			isa = PBXGroup;
			children = (
				68C745BD28B3B63A00C05DE6 /* Helper */,
				68C745BC28B3B62B00C05DE6 /* Model */,
				68C745B828B3B4C300C05DE6 /* AppDelegate */,
				68C745B928B3B4D100C05DE6 /* Conytoller */,
				68C745AD28B3B4B600C05DE6 /* Assets.xcassets */,
				68C745AF28B3B4B600C05DE6 /* LaunchScreen.storyboard */,
				68C745B228B3B4B600C05DE6 /* Info.plist */,
			);
			path = RestCountriesList;
			sourceTree = "<group>";
		};
		68C745B828B3B4C300C05DE6 /* AppDelegate */ = {
			isa = PBXGroup;
			children = (
				68C745A428B3B4B600C05DE6 /* AppDelegate.swift */,
				68C745A628B3B4B600C05DE6 /* SceneDelegate.swift */,
			);
			path = AppDelegate;
			sourceTree = "<group>";
		};
		68C745B928B3B4D100C05DE6 /* Conytoller */ = {
			isa = PBXGroup;
			children = (
				68C745BA28B3B4ED00C05DE6 /* CountryTableViewController.swift */,
				054BE86928BF459A0027EC16 /* CountryDetailedViewController.swift */,
			);
			path = Conytoller;
			sourceTree = "<group>";
		};
		68C745BC28B3B62B00C05DE6 /* Model */ = {
			isa = PBXGroup;
			children = (
				68C745BE28B3B65B00C05DE6 /* Country.swift */,
			);
			path = Model;
			sourceTree = "<group>";
		};
		68C745BD28B3B63A00C05DE6 /* Helper */ = {
			isa = PBXGroup;
			children = (
				68C745C028B3B99000C05DE6 /* NetworkManager.swift */,
			);
			path = Helper;
			sourceTree = "<group>";
		};
/* End PBXGroup section */

/* Begin PBXNativeTarget section */
		68C745A028B3B4B600C05DE6 /* RestCountriesList */ = {
			isa = PBXNativeTarget;
			buildConfigurationList = 68C745B528B3B4B600C05DE6 /* Build configuration list for PBXNativeTarget "RestCountriesList" */;
			buildPhases = (
				68C7459D28B3B4B600C05DE6 /* Sources */,
				68C7459E28B3B4B600C05DE6 /* Frameworks */,
				68C7459F28B3B4B600C05DE6 /* Resources */,
			);
			buildRules = (
			);
			dependencies = (
			);
			name = RestCountriesList;
			packageProductDependencies = (
				054BE86C28BF463E0027EC16 /* SDWebImage */,
			);
			productName = RestCountriesList;
			productReference = 68C745A128B3B4B600C05DE6 /* RestCountriesList.app */;
			productType = "com.apple.product-type.application";
		};
/* End PBXNativeTarget section */

/* Begin PBXProject section */
		68C7459928B3B4B500C05DE6 /* Project object */ = {
			isa = PBXProject;
			attributes = {
				BuildIndependentTargetsInParallel = 1;
				LastSwiftUpdateCheck = 1340;
				LastUpgradeCheck = 1340;
				TargetAttributes = {
					68C745A028B3B4B600C05DE6 = {
						CreatedOnToolsVersion = 13.4.1;
					};
				};
			};
			buildConfigurationList = 68C7459C28B3B4B500C05DE6 /* Build configuration list for PBXProject "RestCountriesList" */;
			compatibilityVersion = "Xcode 13.0";
			developmentRegion = en;
			hasScannedForEncodings = 0;
			knownRegions = (
				en,
				Base,
			);
			mainGroup = 68C7459828B3B4B500C05DE6;
			packageReferences = (
				054BE86B28BF463E0027EC16 /* XCRemoteSwiftPackageReference "SDWebImage" */,
			);
			productRefGroup = 68C745A228B3B4B600C05DE6 /* Products */;
			projectDirPath = "";
			projectRoot = "";
			targets = (
				68C745A028B3B4B600C05DE6 /* RestCountriesList */,
			);
		};
/* End PBXProject section */

/* Begin PBXResourcesBuildPhase section */
		68C7459F28B3B4B600C05DE6 /* Resources */ = {
			isa = PBXResourcesBuildPhase;
			buildActionMask = 2147483647;
			files = (
				68C745B128B3B4B600C05DE6 /* LaunchScreen.storyboard in Resources */,
				68C745AE28B3B4B600C05DE6 /* Assets.xcassets in Resources */,
			);
			runOnlyForDeploymentPostprocessing = 0;
		};
/* End PBXResourcesBuildPhase section */

/* Begin PBXSourcesBuildPhase section */
		68C7459D28B3B4B600C05DE6 /* Sources */ = {
			isa = PBXSourcesBuildPhase;
			buildActionMask = 2147483647;
			files = (
				68C745BF28B3B65B00C05DE6 /* Country.swift in Sources */,
				68C745BB28B3B4ED00C05DE6 /* CountryTableViewController.swift in Sources */,
				68C745C128B3B99000C05DE6 /* NetworkManager.swift in Sources */,
				054BE86A28BF459A0027EC16 /* CountryDetailedViewController.swift in Sources */,
				68C745A528B3B4B600C05DE6 /* AppDelegate.swift in Sources */,
				68C745A728B3B4B600C05DE6 /* SceneDelegate.swift in Sources */,
			);
			runOnlyForDeploymentPostprocessing = 0;
		};
/* End PBXSourcesBuildPhase section */

/* Begin PBXVariantGroup section */
		68C745AF28B3B4B600C05DE6 /* LaunchScreen.storyboard */ = {
			isa = PBXVariantGroup;
			children = (
				68C745B028B3B4B600C05DE6 /* Base */,
			);
			name = LaunchScreen.storyboard;
			sourceTree = "<group>";
		};
/* End PBXVariantGroup section */

/* Begin XCBuildConfiguration section */
		68C745B328B3B4B600C05DE6 /* Debug */ = {
			isa = XCBuildConfiguration;
			buildSettings = {
				ALWAYS_SEARCH_USER_PATHS = NO;
				CLANG_ANALYZER_NONNULL = YES;
				CLANG_ANALYZER_NUMBER_OBJECT_CONVERSION = YES_AGGRESSIVE;
				CLANG_CXX_LANGUAGE_STANDARD = "gnu++17";
				CLANG_ENABLE_MODULES = YES;
				CLANG_ENABLE_OBJC_ARC = YES;
				CLANG_ENABLE_OBJC_WEAK = YES;
				CLANG_WARN_BLOCK_CAPTURE_AUTORELEASING = YES;
				CLANG_WARN_BOOL_CONVERSION = YES;
				CLANG_WARN_COMMA = YES;
				CLANG_WARN_CONSTANT_CONVERSION = YES;
				CLANG_WARN_DEPRECATED_OBJC_IMPLEMENTATIONS = YES;
				CLANG_WARN_DIRECT_OBJC_ISA_USAGE = YES_ERROR;
				CLANG_WARN_DOCUMENTATION_COMMENTS = YES;
				CLANG_WARN_EMPTY_BODY = YES;
				CLANG_WARN_ENUM_CONVERSION = YES;
				CLANG_WARN_INFINITE_RECURSION = YES;
				CLANG_WARN_INT_CONVERSION = YES;
				CLANG_WARN_NON_LITERAL_NULL_CONVERSION = YES;
				CLANG_WARN_OBJC_IMPLICIT_RETAIN_SELF = YES;
				CLANG_WARN_OBJC_LITERAL_CONVERSION = YES;
				CLANG_WARN_OBJC_ROOT_CLASS = YES_ERROR;
				CLANG_WARN_QUOTED_INCLUDE_IN_FRAMEWORK_HEADER = YES;
				CLANG_WARN_RANGE_LOOP_ANALYSIS = YES;
				CLANG_WARN_STRICT_PROTOTYPES = YES;
				CLANG_WARN_SUSPICIOUS_MOVE = YES;
				CLANG_WARN_UNGUARDED_AVAILABILITY = YES_AGGRESSIVE;
				CLANG_WARN_UNREACHABLE_CODE = YES;
				CLANG_WARN__DUPLICATE_METHOD_MATCH = YES;
				COPY_PHASE_STRIP = NO;
				DEBUG_INFORMATION_FORMAT = dwarf;
				ENABLE_STRICT_OBJC_MSGSEND = YES;
				ENABLE_TESTABILITY = YES;
				GCC_C_LANGUAGE_STANDARD = gnu11;
				GCC_DYNAMIC_NO_PIC = NO;
				GCC_NO_COMMON_BLOCKS = YES;
				GCC_OPTIMIZATION_LEVEL = 0;
				GCC_PREPROCESSOR_DEFINITIONS = (
					"DEBUG=1",
					"$(inherited)",
				);
				GCC_WARN_64_TO_32_BIT_CONVERSION = YES;
				GCC_WARN_ABOUT_RETURN_TYPE = YES_ERROR;
				GCC_WARN_UNDECLARED_SELECTOR = YES;
				GCC_WARN_UNINITIALIZED_AUTOS = YES_AGGRESSIVE;
				GCC_WARN_UNUSED_FUNCTION = YES;
				GCC_WARN_UNUSED_VARIABLE = YES;
				IPHONEOS_DEPLOYMENT_TARGET = 15.5;
				MTL_ENABLE_DEBUG_INFO = INCLUDE_SOURCE;
				MTL_FAST_MATH = YES;
				ONLY_ACTIVE_ARCH = YES;
				SDKROOT = iphoneos;
				SWIFT_ACTIVE_COMPILATION_CONDITIONS = DEBUG;
				SWIFT_OPTIMIZATION_LEVEL = "-Onone";
			};
			name = Debug;
		};
		68C745B428B3B4B600C05DE6 /* Release */ = {
			isa = XCBuildConfiguration;
			buildSettings = {
				ALWAYS_SEARCH_USER_PATHS = NO;
				CLANG_ANALYZER_NONNULL = YES;
				CLANG_ANALYZER_NUMBER_OBJECT_CONVERSION = YES_AGGRESSIVE;
				CLANG_CXX_LANGUAGE_STANDARD = "gnu++17";
				CLANG_ENABLE_MODULES = YES;
				CLANG_ENABLE_OBJC_ARC = YES;
				CLANG_ENABLE_OBJC_WEAK = YES;
				CLANG_WARN_BLOCK_CAPTURE_AUTORELEASING = YES;
				CLANG_WARN_BOOL_CONVERSION = YES;
				CLANG_WARN_COMMA = YES;
				CLANG_WARN_CONSTANT_CONVERSION = YES;
				CLANG_WARN_DEPRECATED_OBJC_IMPLEMENTATIONS = YES;
				CLANG_WARN_DIRECT_OBJC_ISA_USAGE = YES_ERROR;
				CLANG_WARN_DOCUMENTATION_COMMENTS = YES;
				CLANG_WARN_EMPTY_BODY = YES;
				CLANG_WARN_ENUM_CONVERSION = YES;
				CLANG_WARN_INFINITE_RECURSION = YES;
				CLANG_WARN_INT_CONVERSION = YES;
				CLANG_WARN_NON_LITERAL_NULL_CONVERSION = YES;
				CLANG_WARN_OBJC_IMPLICIT_RETAIN_SELF = YES;
				CLANG_WARN_OBJC_LITERAL_CONVERSION = YES;
				CLANG_WARN_OBJC_ROOT_CLASS = YES_ERROR;
				CLANG_WARN_QUOTED_INCLUDE_IN_FRAMEWORK_HEADER = YES;
				CLANG_WARN_RANGE_LOOP_ANALYSIS = YES;
				CLANG_WARN_STRICT_PROTOTYPES = YES;
				CLANG_WARN_SUSPICIOUS_MOVE = YES;
				CLANG_WARN_UNGUARDED_AVAILABILITY = YES_AGGRESSIVE;
				CLANG_WARN_UNREACHABLE_CODE = YES;
				CLANG_WARN__DUPLICATE_METHOD_MATCH = YES;
				COPY_PHASE_STRIP = NO;
				DEBUG_INFORMATION_FORMAT = "dwarf-with-dsym";
				ENABLE_NS_ASSERTIONS = NO;
				ENABLE_STRICT_OBJC_MSGSEND = YES;
				GCC_C_LANGUAGE_STANDARD = gnu11;
				GCC_NO_COMMON_BLOCKS = YES;
				GCC_WARN_64_TO_32_BIT_CONVERSION = YES;
				GCC_WARN_ABOUT_RETURN_TYPE = YES_ERROR;
				GCC_WARN_UNDECLARED_SELECTOR = YES;
				GCC_WARN_UNINITIALIZED_AUTOS = YES_AGGRESSIVE;
				GCC_WARN_UNUSED_FUNCTION = YES;
				GCC_WARN_UNUSED_VARIABLE = YES;
				IPHONEOS_DEPLOYMENT_TARGET = 15.5;
				MTL_ENABLE_DEBUG_INFO = NO;
				MTL_FAST_MATH = YES;
				SDKROOT = iphoneos;
				SWIFT_COMPILATION_MODE = wholemodule;
				SWIFT_OPTIMIZATION_LEVEL = "-O";
				VALIDATE_PRODUCT = YES;
			};
			name = Release;
		};
		68C745B628B3B4B600C05DE6 /* Debug */ = {
			isa = XCBuildConfiguration;
			buildSettings = {
				ASSETCATALOG_COMPILER_APPICON_NAME = AppIcon;
				ASSETCATALOG_COMPILER_GLOBAL_ACCENT_COLOR_NAME = AccentColor;
				CODE_SIGN_STYLE = Automatic;
				CURRENT_PROJECT_VERSION = 1;
				DEVELOPMENT_TEAM = 5UT44ZH347;
				GENERATE_INFOPLIST_FILE = YES;
				INFOPLIST_FILE = RestCountriesList/Info.plist;
				INFOPLIST_KEY_UIApplicationSupportsIndirectInputEvents = YES;
				INFOPLIST_KEY_UILaunchStoryboardName = LaunchScreen;
				INFOPLIST_KEY_UISupportedInterfaceOrientations_iPad = "UIInterfaceOrientationPortrait UIInterfaceOrientationPortraitUpsideDown UIInterfaceOrientationLandscapeLeft UIInterfaceOrientationLandscapeRight";
				INFOPLIST_KEY_UISupportedInterfaceOrientations_iPhone = "UIInterfaceOrientationPortrait UIInterfaceOrientationLandscapeLeft UIInterfaceOrientationLandscapeRight";
				LD_RUNPATH_SEARCH_PATHS = (
					"$(inherited)",
					"@executable_path/Frameworks",
				);
				MARKETING_VERSION = 1.0;
				PRODUCT_BUNDLE_IDENTIFIER = "com.up-co.RestCountriesList";
				PRODUCT_NAME = "$(TARGET_NAME)";
				SWIFT_EMIT_LOC_STRINGS = YES;
				SWIFT_VERSION = 5.0;
				TARGETED_DEVICE_FAMILY = "1,2";
			};
			name = Debug;
		};
		68C745B728B3B4B600C05DE6 /* Release */ = {
			isa = XCBuildConfiguration;
			buildSettings = {
				ASSETCATALOG_COMPILER_APPICON_NAME = AppIcon;
				ASSETCATALOG_COMPILER_GLOBAL_ACCENT_COLOR_NAME = AccentColor;
				CODE_SIGN_STYLE = Automatic;
				CURRENT_PROJECT_VERSION = 1;
				DEVELOPMENT_TEAM = 5UT44ZH347;
				GENERATE_INFOPLIST_FILE = YES;
				INFOPLIST_FILE = RestCountriesList/Info.plist;
				INFOPLIST_KEY_UIApplicationSupportsIndirectInputEvents = YES;
				INFOPLIST_KEY_UILaunchStoryboardName = LaunchScreen;
				INFOPLIST_KEY_UISupportedInterfaceOrientations_iPad = "UIInterfaceOrientationPortrait UIInterfaceOrientationPortraitUpsideDown UIInterfaceOrientationLandscapeLeft UIInterfaceOrientationLandscapeRight";
				INFOPLIST_KEY_UISupportedInterfaceOrientations_iPhone = "UIInterfaceOrientationPortrait UIInterfaceOrientationLandscapeLeft UIInterfaceOrientationLandscapeRight";
				LD_RUNPATH_SEARCH_PATHS = (
					"$(inherited)",
					"@executable_path/Frameworks",
				);
				MARKETING_VERSION = 1.0;
				PRODUCT_BUNDLE_IDENTIFIER = "com.up-co.RestCountriesList";
				PRODUCT_NAME = "$(TARGET_NAME)";
				SWIFT_EMIT_LOC_STRINGS = YES;
				SWIFT_VERSION = 5.0;
				TARGETED_DEVICE_FAMILY = "1,2";
			};
			name = Release;
		};
/* End XCBuildConfiguration section */

/* Begin XCConfigurationList section */
		68C7459C28B3B4B500C05DE6 /* Build configuration list for PBXProject "RestCountriesList" */ = {
			isa = XCConfigurationList;
			buildConfigurations = (
				68C745B328B3B4B600C05DE6 /* Debug */,
				68C745B428B3B4B600C05DE6 /* Release */,
			);
			defaultConfigurationIsVisible = 0;
			defaultConfigurationName = Release;
		};
		68C745B528B3B4B600C05DE6 /* Build configuration list for PBXNativeTarget "RestCountriesList" */ = {
			isa = XCConfigurationList;
			buildConfigurations = (
				68C745B628B3B4B600C05DE6 /* Debug */,
				68C745B728B3B4B600C05DE6 /* Release */,
			);
			defaultConfigurationIsVisible = 0;
			defaultConfigurationName = Release;
		};
/* End XCConfigurationList section */

/* Begin XCRemoteSwiftPackageReference section */
		054BE86B28BF463E0027EC16 /* XCRemoteSwiftPackageReference "SDWebImage" */ = {
			isa = XCRemoteSwiftPackageReference;
			repositoryURL = "https://github.com/SDWebImage/SDWebImage.git";
			requirement = {
				branch = master;
				kind = branch;
			};
		};
/* End XCRemoteSwiftPackageReference section */

/* Begin XCSwiftPackageProductDependency section */
		054BE86C28BF463E0027EC16 /* SDWebImage */ = {
			isa = XCSwiftPackageProductDependency;
			package = 054BE86B28BF463E0027EC16 /* XCRemoteSwiftPackageReference "SDWebImage" */;
			productName = SDWebImage;
		};
/* End XCSwiftPackageProductDependency section */
	};
	rootObject = 68C7459928B3B4B500C05DE6 /* Project object */;
}
